
Microsoft Visual Studio Solution File, Format Version 12.00
# Visual Studio Version 17
VisualStudioVersion = 17.0.32112.339
MinimumVisualStudioVersion = 10.0.40219.1
Project("{FAE04EC0-301F-11D3-BF4B-00C04F79EFBC}") = "Stacks And Queues", "Stacks And Queues\Stacks And Queues.csproj", "{7F8B3FE2-9A49-4B1D-AC33-701343525E42}"
EndProject
Global
	GlobalSection(SolutionConfigurationPlatforms) = preSolution
		Debug|Any CPU = Debug|Any CPU
		Release|Any CPU = Release|Any CPU
	EndGlobalSection
	GlobalSection(ProjectConfigurationPlatforms) = postSolution
		{7F8B3FE2-9A49-4B1D-AC33-701343525E42}.Debug|Any CPU.ActiveCfg = Debug|Any CPU
		{7F8B3FE2-9A49-4B1D-AC33-701343525E42}.Debug|Any CPU.Build.0 = Debug|Any CPU
		{7F8B3FE2-9A49-4B1D-AC33-701343525E42}.Release|Any CPU.ActiveCfg = Release|Any CPU
		{7F8B3FE2-9A49-4B1D-AC33-701343525E42}.Release|Any CPU.Build.0 = Release|Any CPU
	EndGlobalSection
	GlobalSection(SolutionProperties) = preSolution
		HideSolutionNode = FALSE
	EndGlobalSection
	GlobalSection(ExtensibilityGlobals) = postSolution
		SolutionGuid = {B341FAF4-41B1-4FF8-B2C1-D90DE89DFE4B}
	EndGlobalSection
EndGlobal
